schema: '2.0'
stages:
  data_ingestion:
    cmd: python src/pipeline/stage01_data_ingestion.py
    deps:
    - path: src/config.yaml
      hash: md5
      md5: 24a793a4ac511b62789980adbcb527d5
      size: 822
    - path: src/pipeline/stage01_data_ingestion.py
      hash: md5
      md5: 28b83e5120e64407a1515e84009f9c57
      size: 1130
    outs:
    - path: data/raw/winequality-red.csv
      hash: md5
      md5: 6a883fd98624e18c0b7ce251f4fab4fb
      size: 100951
