schema: '2.0'
stages:
  data_ingestion:
    cmd: python src/pipeline/stage01_data_ingestion.py
    deps:
    - path: src/config/config.yaml
      hash: md5
      md5: 24a793a4ac511b62789980adbcb527d5
      size: 822
    - path: src/pipeline/stage01_data_ingestion.py
      hash: md5
      md5: bc44358ae273ba0d7bb5ec4fc5d76b14
      size: 862
    outs:
    - path: data/raw/winequality-red.csv
      hash: md5
      md5: 6a883fd98624e18c0b7ce251f4fab4fb
      size: 100951
